
Microsoft Visual Studio Solution File, Format Version 12.00
# Visual Studio Version 17
VisualStudioVersion = 17.0.31903.59
MinimumVisualStudioVersion = 10.0.40219.1
Project("{FAE04EC0-301F-11D3-BF4B-00C04F79EFBC}") = "GerenciadorDeTarefas.App", "GerenciadorDeTarefas.App\GerenciadorDeTarefas.App.csproj", "{B52BFAC9-F895-4730-A443-C9E2BDDB0223}"
EndProject
Project("{FAE04EC0-301F-11D3-BF4B-00C04F79EFBC}") = "GerenciadorDeTarefas.Tests", "GerenciadorDeTarefas.Tests\GerenciadorDeTarefas.Tests.csproj", "{0226F899-5C5D-48AE-B369-A97CCC398FD1}"
EndProject
Global
	GlobalSection(SolutionConfigurationPlatforms) = preSolution
		Debug|Any CPU = Debug|Any CPU
		Debug|x64 = Debug|x64
		Debug|x86 = Debug|x86
		Release|Any CPU = Release|Any CPU
		Release|x64 = Release|x64
		Release|x86 = Release|x86
	EndGlobalSection
	GlobalSection(ProjectConfigurationPlatforms) = postSolution
		{B52BFAC9-F895-4730-A443-C9E2BDDB0223}.Debug|Any CPU.ActiveCfg = Debug|Any CPU
		{B52BFAC9-F895-4730-A443-C9E2BDDB0223}.Debug|Any CPU.Build.0 = Debug|Any CPU
		{B52BFAC9-F895-4730-A443-C9E2BDDB0223}.Debug|x64.ActiveCfg = Debug|Any CPU
		{B52BFAC9-F895-4730-A443-C9E2BDDB0223}.Debug|x64.Build.0 = Debug|Any CPU
		{B52BFAC9-F895-4730-A443-C9E2BDDB0223}.Debug|x86.ActiveCfg = Debug|Any CPU
		{B52BFAC9-F895-4730-A443-C9E2BDDB0223}.Debug|x86.Build.0 = Debug|Any CPU
		{B52BFAC9-F895-4730-A443-C9E2BDDB0223}.Release|Any CPU.ActiveCfg = Release|Any CPU
		{B52BFAC9-F895-4730-A443-C9E2BDDB0223}.Release|Any CPU.Build.0 = Release|Any CPU
		{B52BFAC9-F895-4730-A443-C9E2BDDB0223}.Release|x64.ActiveCfg = Release|Any CPU
		{B52BFAC9-F895-4730-A443-C9E2BDDB0223}.Release|x64.Build.0 = Release|Any CPU
		{B52BFAC9-F895-4730-A443-C9E2BDDB0223}.Release|x86.ActiveCfg = Release|Any CPU
		{B52BFAC9-F895-4730-A443-C9E2BDDB0223}.Release|x86.Build.0 = Release|Any CPU
		{0226F899-5C5D-48AE-B369-A97CCC398FD1}.Debug|Any CPU.ActiveCfg = Debug|Any CPU
		{0226F899-5C5D-48AE-B369-A97CCC398FD1}.Debug|Any CPU.Build.0 = Debug|Any CPU
		{0226F899-5C5D-48AE-B369-A97CCC398FD1}.Debug|x64.ActiveCfg = Debug|Any CPU
		{0226F899-5C5D-48AE-B369-A97CCC398FD1}.Debug|x64.Build.0 = Debug|Any CPU
		{0226F899-5C5D-48AE-B369-A97CCC398FD1}.Debug|x86.ActiveCfg = Debug|Any CPU
		{0226F899-5C5D-48AE-B369-A97CCC398FD1}.Debug|x86.Build.0 = Debug|Any CPU
		{0226F899-5C5D-48AE-B369-A97CCC398FD1}.Release|Any CPU.ActiveCfg = Release|Any CPU
		{0226F899-5C5D-48AE-B369-A97CCC398FD1}.Release|Any CPU.Build.0 = Release|Any CPU
		{0226F899-5C5D-48AE-B369-A97CCC398FD1}.Release|x64.ActiveCfg = Release|Any CPU
		{0226F899-5C5D-48AE-B369-A97CCC398FD1}.Release|x64.Build.0 = Release|Any CPU
		{0226F899-5C5D-48AE-B369-A97CCC398FD1}.Release|x86.ActiveCfg = Release|Any CPU
		{0226F899-5C5D-48AE-B369-A97CCC398FD1}.Release|x86.Build.0 = Release|Any CPU
	EndGlobalSection
	GlobalSection(SolutionProperties) = preSolution
		HideSolutionNode = FALSE
	EndGlobalSection
EndGlobal
